
Microsoft Visual Studio Solution File, Format Version 12.00
# Visual Studio Version 16
VisualStudioVersion = 16.0.31624.102
MinimumVisualStudioVersion = 10.0.40219.1
Project("{2150E333-8FDC-42A3-9474-1A3956D46DE8}") = "week02", "week02", "{426F3C51-6778-4FCA-902E-6E8FD0F4EE1A}"
EndProject
Project("{8BC9CEB8-8B4A-11D0-8D11-00A0C91BC942}") = "factorial", "factorial\factorial.vcxproj", "{4689E4A1-585D-45CC-B514-1F42BAEBD2E4}"
EndProject
Project("{8BC9CEB8-8B4A-11D0-8D11-00A0C91BC942}") = "fibonacci", "fibonacci\fibonacci.vcxproj", "{BD67A1C2-C73C-4E5D-AA7A-28E893D75EA2}"
EndProject
Project("{8BC9CEB8-8B4A-11D0-8D11-00A0C91BC942}") = "hanoi_tower", "hanoi_tower\hanoi_tower.vcxproj", "{5DA90BBC-42FE-4728-A8DC-65563B5B9144}"
EndProject
Project("{8BC9CEB8-8B4A-11D0-8D11-00A0C91BC942}") = "print_binary", "print_binary\print_binary.vcxproj", "{3945B2F6-EA00-403A-BC4B-6F8EE665DA82}"
EndProject
Project("{8BC9CEB8-8B4A-11D0-8D11-00A0C91BC942}") = "pow", "pow\pow.vcxproj", "{21C6C35D-F295-4AFE-A4E6-1E39074726AD}"
EndProject
Project("{8BC9CEB8-8B4A-11D0-8D11-00A0C91BC942}") = "tictactoe", "tictactoe\tictactoe.vcxproj", "{57E75CF8-1522-4210-A81F-C5FC9636D10E}"
EndProject
Project("{8BC9CEB8-8B4A-11D0-8D11-00A0C91BC942}") = "minesweeper", "minesweeper\minesweeper.vcxproj", "{25FAB61F-BD8F-4430-A1EC-2D49E73020E0}"
EndProject
Project("{2150E333-8FDC-42A3-9474-1A3956D46DE8}") = "week03", "week03", "{01BE8B08-2B50-4E67-9CD3-1AA6D9C9FEBB}"
EndProject
Project("{8BC9CEB8-8B4A-11D0-8D11-00A0C91BC942}") = "조합출력", "조합출력\조합출력.vcxproj", "{3F73D917-A6B3-463A-B76E-23AA841AC7CB}"
EndProject
Project("{8BC9CEB8-8B4A-11D0-8D11-00A0C91BC942}") = "문자열출력", "문자열출력\문자열출력.vcxproj", "{34EFF29C-96F9-48CF-B389-DF7CB87F0FE5}"
EndProject
Project("{8BC9CEB8-8B4A-11D0-8D11-00A0C91BC942}") = "조합의수", "조합의수\조합의수.vcxproj", "{F9FD8E8E-17B3-4DD5-A914-097C8378E350}"
EndProject
Project("{8BC9CEB8-8B4A-11D0-8D11-00A0C91BC942}") = "사이클숫자", "사이클숫자\사이클숫자.vcxproj", "{12C9E0F8-5852-4AA1-B05F-5BFF35D01DE0}"
EndProject
Project("{8BC9CEB8-8B4A-11D0-8D11-00A0C91BC942}") = "carry_operation", "carry_operation\carry_operation.vcxproj", "{41DE7EFD-8FA1-4ABA-9007-FEE2E223256A}"
EndProject
Project("{8BC9CEB8-8B4A-11D0-8D11-00A0C91BC942}") = "palindrome", "palindrome\palindrome.vcxproj", "{795755C4-C571-432D-9E6A-9E8F81415E83}"
EndProject
Project("{8BC9CEB8-8B4A-11D0-8D11-00A0C91BC942}") = "ones", "ones\ones.vcxproj", "{5CDE80DC-8E75-4D94-AD9D-001F761CBAD9}"
EndProject
Project("{8BC9CEB8-8B4A-11D0-8D11-00A0C91BC942}") = "screen_tree", "screen_tree\screen_tree.vcxproj", "{2C03C6B8-70AF-49E7-9C8D-0BC0877F0907}"
EndProject
Project("{8BC9CEB8-8B4A-11D0-8D11-00A0C91BC942}") = "영역채우기", "영역채우기\영역채우기.vcxproj", "{6543DBC3-F22A-4FF9-AF0D-6CA4EFE1F944}"
EndProject
Project("{8BC9CEB8-8B4A-11D0-8D11-00A0C91BC942}") = "미로방문", "미로방문\미로방문.vcxproj", "{285DEBD9-BB61-4257-AEF7-190AD0EA6B76}"
EndProject
Project("{2150E333-8FDC-42A3-9474-1A3956D46DE8}") = "week04", "week04", "{F6D7107B-19ED-4CC8-81A8-0D6C65E1C982}"
EndProject
Project("{8BC9CEB8-8B4A-11D0-8D11-00A0C91BC942}") = "sequential_search", "sequential_search\sequential_search.vcxproj", "{7F37CCB5-0C91-43A0-918D-4C4048E694A1}"
EndProject
Project("{8BC9CEB8-8B4A-11D0-8D11-00A0C91BC942}") = "binary_search", "binary_search\binary_search.vcxproj", "{C083A20A-E39A-4605-8060-0C1CE15CABBB}"
EndProject
Project("{8BC9CEB8-8B4A-11D0-8D11-00A0C91BC942}") = "combination_malloc", "combination_malloc\combination_malloc.vcxproj", "{E3A74B60-2A10-4A19-BE41-04D30FF5D65A}"
EndProject
Project("{2150E333-8FDC-42A3-9474-1A3956D46DE8}") = "week05", "week05", "{AAF3B97C-5BC8-460D-ACA3-F39FBFAAE7F0}"
EndProject
Project("{8BC9CEB8-8B4A-11D0-8D11-00A0C91BC942}") = "pick_revisited", "pick_revisited\pick_revisited.vcxproj", "{18CC51E4-B3D3-4C8F-9FD8-1E0EA4EFB8F2}"
EndProject
Project("{8BC9CEB8-8B4A-11D0-8D11-00A0C91BC942}") = "combination0", "combination0\combination0.vcxproj", "{348893D3-66D5-4DEA-9274-266A44ACB260}"
EndProject
Project("{8BC9CEB8-8B4A-11D0-8D11-00A0C91BC942}") = "Combination", "Combination\Combination.vcxproj", "{A40CB9D3-247D-424C-A99B-87F5C29B488E}"
EndProject
Project("{8BC9CEB8-8B4A-11D0-8D11-00A0C91BC942}") = "Combination_repetation", "Combination_repetation\Combination_repetation.vcxproj", "{8EBDB7A0-0CED-41F3-A548-AF5932A4A8DA}"
EndProject
Project("{8BC9CEB8-8B4A-11D0-8D11-00A0C91BC942}") = "Permutation_repetation", "Permutation_repetation\Permutation_repetation.vcxproj", "{5B22956D-F902-4D32-BF55-579DB7FF51DE}"
EndProject
Project("{8BC9CEB8-8B4A-11D0-8D11-00A0C91BC942}") = "Permutation", "Permutation\Permutation.vcxproj", "{8B97D149-A8D8-4069-BAFC-D3DEB3174E58}"
EndProject
Project("{8BC9CEB8-8B4A-11D0-8D11-00A0C91BC942}") = "공뽑기_조합", "공뽑기_조합\공뽑기_조합.vcxproj", "{39A89450-3B58-4154-95AF-AB3B25FFB9AE}"
EndProject
Project("{8BC9CEB8-8B4A-11D0-8D11-00A0C91BC942}") = "인기상_조합", "인기상_조합\인기상_조합.vcxproj", "{62E0F559-33CB-4037-9805-1F001C8339AB}"
EndProject
Project("{8BC9CEB8-8B4A-11D0-8D11-00A0C91BC942}") = "연기상_순열", "연기상_순열\연기상_순열.vcxproj", "{9FCA1DA8-8650-4444-B26F-C4FB1474A031}"
EndProject
Project("{8BC9CEB8-8B4A-11D0-8D11-00A0C91BC942}") = "4진수_중복순열", "4진수_중복순열\4진수_중복순열.vcxproj", "{567783F5-B06D-4C5B-97E1-CC4B71BD1803}"
EndProject
Project("{8BC9CEB8-8B4A-11D0-8D11-00A0C91BC942}") = "수식나열_중복순열", "수식나열_중복순열\수식나열_중복순열.vcxproj", "{B066DAA6-D8C8-47FD-92C8-9D7AB8818D65}"
EndProject
Project("{8BC9CEB8-8B4A-11D0-8D11-00A0C91BC942}") = "세배돈_중복조합", "세배돈_중복조합\세배돈_중복조합.vcxproj", "{271DCA41-0770-4A65-A20D-B43F718E7E6C}"
EndProject
Project("{8BC9CEB8-8B4A-11D0-8D11-00A0C91BC942}") = "거스름돈_중복조합", "거스름돈_중복조합\거스름돈_중복조합.vcxproj", "{8944C163-CC3F-4485-8869-58ED4DCE4159}"
EndProject
Global
	GlobalSection(SolutionConfigurationPlatforms) = preSolution
		Debug|x64 = Debug|x64
		Debug|x86 = Debug|x86
		Release|x64 = Release|x64
		Release|x86 = Release|x86
	EndGlobalSection
	GlobalSection(ProjectConfigurationPlatforms) = postSolution
		{4689E4A1-585D-45CC-B514-1F42BAEBD2E4}.Debug|x64.ActiveCfg = Debug|x64
		{4689E4A1-585D-45CC-B514-1F42BAEBD2E4}.Debug|x64.Build.0 = Debug|x64
		{4689E4A1-585D-45CC-B514-1F42BAEBD2E4}.Debug|x86.ActiveCfg = Debug|Win32
		{4689E4A1-585D-45CC-B514-1F42BAEBD2E4}.Debug|x86.Build.0 = Debug|Win32
		{4689E4A1-585D-45CC-B514-1F42BAEBD2E4}.Release|x64.ActiveCfg = Release|x64
		{4689E4A1-585D-45CC-B514-1F42BAEBD2E4}.Release|x64.Build.0 = Release|x64
		{4689E4A1-585D-45CC-B514-1F42BAEBD2E4}.Release|x86.ActiveCfg = Release|Win32
		{4689E4A1-585D-45CC-B514-1F42BAEBD2E4}.Release|x86.Build.0 = Release|Win32
		{BD67A1C2-C73C-4E5D-AA7A-28E893D75EA2}.Debug|x64.ActiveCfg = Debug|x64
		{BD67A1C2-C73C-4E5D-AA7A-28E893D75EA2}.Debug|x64.Build.0 = Debug|x64
		{BD67A1C2-C73C-4E5D-AA7A-28E893D75EA2}.Debug|x86.ActiveCfg = Debug|Win32
		{BD67A1C2-C73C-4E5D-AA7A-28E893D75EA2}.Debug|x86.Build.0 = Debug|Win32
		{BD67A1C2-C73C-4E5D-AA7A-28E893D75EA2}.Release|x64.ActiveCfg = Release|x64
		{BD67A1C2-C73C-4E5D-AA7A-28E893D75EA2}.Release|x64.Build.0 = Release|x64
		{BD67A1C2-C73C-4E5D-AA7A-28E893D75EA2}.Release|x86.ActiveCfg = Release|Win32
		{BD67A1C2-C73C-4E5D-AA7A-28E893D75EA2}.Release|x86.Build.0 = Release|Win32
		{5DA90BBC-42FE-4728-A8DC-65563B5B9144}.Debug|x64.ActiveCfg = Debug|x64
		{5DA90BBC-42FE-4728-A8DC-65563B5B9144}.Debug|x64.Build.0 = Debug|x64
		{5DA90BBC-42FE-4728-A8DC-65563B5B9144}.Debug|x86.ActiveCfg = Debug|Win32
		{5DA90BBC-42FE-4728-A8DC-65563B5B9144}.Debug|x86.Build.0 = Debug|Win32
		{5DA90BBC-42FE-4728-A8DC-65563B5B9144}.Release|x64.ActiveCfg = Release|x64
		{5DA90BBC-42FE-4728-A8DC-65563B5B9144}.Release|x64.Build.0 = Release|x64
		{5DA90BBC-42FE-4728-A8DC-65563B5B9144}.Release|x86.ActiveCfg = Release|Win32
		{5DA90BBC-42FE-4728-A8DC-65563B5B9144}.Release|x86.Build.0 = Release|Win32
		{3945B2F6-EA00-403A-BC4B-6F8EE665DA82}.Debug|x64.ActiveCfg = Debug|x64
		{3945B2F6-EA00-403A-BC4B-6F8EE665DA82}.Debug|x64.Build.0 = Debug|x64
		{3945B2F6-EA00-403A-BC4B-6F8EE665DA82}.Debug|x86.ActiveCfg = Debug|Win32
		{3945B2F6-EA00-403A-BC4B-6F8EE665DA82}.Debug|x86.Build.0 = Debug|Win32
		{3945B2F6-EA00-403A-BC4B-6F8EE665DA82}.Release|x64.ActiveCfg = Release|x64
		{3945B2F6-EA00-403A-BC4B-6F8EE665DA82}.Release|x64.Build.0 = Release|x64
		{3945B2F6-EA00-403A-BC4B-6F8EE665DA82}.Release|x86.ActiveCfg = Release|Win32
		{3945B2F6-EA00-403A-BC4B-6F8EE665DA82}.Release|x86.Build.0 = Release|Win32
		{21C6C35D-F295-4AFE-A4E6-1E39074726AD}.Debug|x64.ActiveCfg = Debug|x64
		{21C6C35D-F295-4AFE-A4E6-1E39074726AD}.Debug|x64.Build.0 = Debug|x64
		{21C6C35D-F295-4AFE-A4E6-1E39074726AD}.Debug|x86.ActiveCfg = Debug|Win32
		{21C6C35D-F295-4AFE-A4E6-1E39074726AD}.Debug|x86.Build.0 = Debug|Win32
		{21C6C35D-F295-4AFE-A4E6-1E39074726AD}.Release|x64.ActiveCfg = Release|x64
		{21C6C35D-F295-4AFE-A4E6-1E39074726AD}.Release|x64.Build.0 = Release|x64
		{21C6C35D-F295-4AFE-A4E6-1E39074726AD}.Release|x86.ActiveCfg = Release|Win32
		{21C6C35D-F295-4AFE-A4E6-1E39074726AD}.Release|x86.Build.0 = Release|Win32
		{57E75CF8-1522-4210-A81F-C5FC9636D10E}.Debug|x64.ActiveCfg = Debug|x64
		{57E75CF8-1522-4210-A81F-C5FC9636D10E}.Debug|x64.Build.0 = Debug|x64
		{57E75CF8-1522-4210-A81F-C5FC9636D10E}.Debug|x86.ActiveCfg = Debug|Win32
		{57E75CF8-1522-4210-A81F-C5FC9636D10E}.Debug|x86.Build.0 = Debug|Win32
		{57E75CF8-1522-4210-A81F-C5FC9636D10E}.Release|x64.ActiveCfg = Release|x64
		{57E75CF8-1522-4210-A81F-C5FC9636D10E}.Release|x64.Build.0 = Release|x64
		{57E75CF8-1522-4210-A81F-C5FC9636D10E}.Release|x86.ActiveCfg = Release|Win32
		{57E75CF8-1522-4210-A81F-C5FC9636D10E}.Release|x86.Build.0 = Release|Win32
		{25FAB61F-BD8F-4430-A1EC-2D49E73020E0}.Debug|x64.ActiveCfg = Debug|x64
		{25FAB61F-BD8F-4430-A1EC-2D49E73020E0}.Debug|x64.Build.0 = Debug|x64
		{25FAB61F-BD8F-4430-A1EC-2D49E73020E0}.Debug|x86.ActiveCfg = Debug|Win32
		{25FAB61F-BD8F-4430-A1EC-2D49E73020E0}.Debug|x86.Build.0 = Debug|Win32
		{25FAB61F-BD8F-4430-A1EC-2D49E73020E0}.Release|x64.ActiveCfg = Release|x64
		{25FAB61F-BD8F-4430-A1EC-2D49E73020E0}.Release|x64.Build.0 = Release|x64
		{25FAB61F-BD8F-4430-A1EC-2D49E73020E0}.Release|x86.ActiveCfg = Release|Win32
		{25FAB61F-BD8F-4430-A1EC-2D49E73020E0}.Release|x86.Build.0 = Release|Win32
		{3F73D917-A6B3-463A-B76E-23AA841AC7CB}.Debug|x64.ActiveCfg = Debug|x64
		{3F73D917-A6B3-463A-B76E-23AA841AC7CB}.Debug|x64.Build.0 = Debug|x64
		{3F73D917-A6B3-463A-B76E-23AA841AC7CB}.Debug|x86.ActiveCfg = Debug|Win32
		{3F73D917-A6B3-463A-B76E-23AA841AC7CB}.Debug|x86.Build.0 = Debug|Win32
		{3F73D917-A6B3-463A-B76E-23AA841AC7CB}.Release|x64.ActiveCfg = Release|x64
		{3F73D917-A6B3-463A-B76E-23AA841AC7CB}.Release|x64.Build.0 = Release|x64
		{3F73D917-A6B3-463A-B76E-23AA841AC7CB}.Release|x86.ActiveCfg = Release|Win32
		{3F73D917-A6B3-463A-B76E-23AA841AC7CB}.Release|x86.Build.0 = Release|Win32
		{34EFF29C-96F9-48CF-B389-DF7CB87F0FE5}.Debug|x64.ActiveCfg = Debug|x64
		{34EFF29C-96F9-48CF-B389-DF7CB87F0FE5}.Debug|x64.Build.0 = Debug|x64
		{34EFF29C-96F9-48CF-B389-DF7CB87F0FE5}.Debug|x86.ActiveCfg = Debug|Win32
		{34EFF29C-96F9-48CF-B389-DF7CB87F0FE5}.Debug|x86.Build.0 = Debug|Win32
		{34EFF29C-96F9-48CF-B389-DF7CB87F0FE5}.Release|x64.ActiveCfg = Release|x64
		{34EFF29C-96F9-48CF-B389-DF7CB87F0FE5}.Release|x64.Build.0 = Release|x64
		{34EFF29C-96F9-48CF-B389-DF7CB87F0FE5}.Release|x86.ActiveCfg = Release|Win32
		{34EFF29C-96F9-48CF-B389-DF7CB87F0FE5}.Release|x86.Build.0 = Release|Win32
		{F9FD8E8E-17B3-4DD5-A914-097C8378E350}.Debug|x64.ActiveCfg = Debug|x64
		{F9FD8E8E-17B3-4DD5-A914-097C8378E350}.Debug|x64.Build.0 = Debug|x64
		{F9FD8E8E-17B3-4DD5-A914-097C8378E350}.Debug|x86.ActiveCfg = Debug|Win32
		{F9FD8E8E-17B3-4DD5-A914-097C8378E350}.Debug|x86.Build.0 = Debug|Win32
		{F9FD8E8E-17B3-4DD5-A914-097C8378E350}.Release|x64.ActiveCfg = Release|x64
		{F9FD8E8E-17B3-4DD5-A914-097C8378E350}.Release|x64.Build.0 = Release|x64
		{F9FD8E8E-17B3-4DD5-A914-097C8378E350}.Release|x86.ActiveCfg = Release|Win32
		{F9FD8E8E-17B3-4DD5-A914-097C8378E350}.Release|x86.Build.0 = Release|Win32
		{12C9E0F8-5852-4AA1-B05F-5BFF35D01DE0}.Debug|x64.ActiveCfg = Debug|x64
		{12C9E0F8-5852-4AA1-B05F-5BFF35D01DE0}.Debug|x64.Build.0 = Debug|x64
		{12C9E0F8-5852-4AA1-B05F-5BFF35D01DE0}.Debug|x86.ActiveCfg = Debug|Win32
		{12C9E0F8-5852-4AA1-B05F-5BFF35D01DE0}.Debug|x86.Build.0 = Debug|Win32
		{12C9E0F8-5852-4AA1-B05F-5BFF35D01DE0}.Release|x64.ActiveCfg = Release|x64
		{12C9E0F8-5852-4AA1-B05F-5BFF35D01DE0}.Release|x64.Build.0 = Release|x64
		{12C9E0F8-5852-4AA1-B05F-5BFF35D01DE0}.Release|x86.ActiveCfg = Release|Win32
		{12C9E0F8-5852-4AA1-B05F-5BFF35D01DE0}.Release|x86.Build.0 = Release|Win32
		{41DE7EFD-8FA1-4ABA-9007-FEE2E223256A}.Debug|x64.ActiveCfg = Debug|x64
		{41DE7EFD-8FA1-4ABA-9007-FEE2E223256A}.Debug|x64.Build.0 = Debug|x64
		{41DE7EFD-8FA1-4ABA-9007-FEE2E223256A}.Debug|x86.ActiveCfg = Debug|Win32
		{41DE7EFD-8FA1-4ABA-9007-FEE2E223256A}.Debug|x86.Build.0 = Debug|Win32
		{41DE7EFD-8FA1-4ABA-9007-FEE2E223256A}.Release|x64.ActiveCfg = Release|x64
		{41DE7EFD-8FA1-4ABA-9007-FEE2E223256A}.Release|x64.Build.0 = Release|x64
		{41DE7EFD-8FA1-4ABA-9007-FEE2E223256A}.Release|x86.ActiveCfg = Release|Win32
		{41DE7EFD-8FA1-4ABA-9007-FEE2E223256A}.Release|x86.Build.0 = Release|Win32
		{795755C4-C571-432D-9E6A-9E8F81415E83}.Debug|x64.ActiveCfg = Debug|x64
		{795755C4-C571-432D-9E6A-9E8F81415E83}.Debug|x64.Build.0 = Debug|x64
		{795755C4-C571-432D-9E6A-9E8F81415E83}.Debug|x86.ActiveCfg = Debug|Win32
		{795755C4-C571-432D-9E6A-9E8F81415E83}.Debug|x86.Build.0 = Debug|Win32
		{795755C4-C571-432D-9E6A-9E8F81415E83}.Release|x64.ActiveCfg = Release|x64
		{795755C4-C571-432D-9E6A-9E8F81415E83}.Release|x64.Build.0 = Release|x64
		{795755C4-C571-432D-9E6A-9E8F81415E83}.Release|x86.ActiveCfg = Release|Win32
		{795755C4-C571-432D-9E6A-9E8F81415E83}.Release|x86.Build.0 = Release|Win32
		{5CDE80DC-8E75-4D94-AD9D-001F761CBAD9}.Debug|x64.ActiveCfg = Debug|x64
		{5CDE80DC-8E75-4D94-AD9D-001F761CBAD9}.Debug|x64.Build.0 = Debug|x64
		{5CDE80DC-8E75-4D94-AD9D-001F761CBAD9}.Debug|x86.ActiveCfg = Debug|Win32
		{5CDE80DC-8E75-4D94-AD9D-001F761CBAD9}.Debug|x86.Build.0 = Debug|Win32
		{5CDE80DC-8E75-4D94-AD9D-001F761CBAD9}.Release|x64.ActiveCfg = Release|x64
		{5CDE80DC-8E75-4D94-AD9D-001F761CBAD9}.Release|x64.Build.0 = Release|x64
		{5CDE80DC-8E75-4D94-AD9D-001F761CBAD9}.Release|x86.ActiveCfg = Release|Win32
		{5CDE80DC-8E75-4D94-AD9D-001F761CBAD9}.Release|x86.Build.0 = Release|Win32
		{2C03C6B8-70AF-49E7-9C8D-0BC0877F0907}.Debug|x64.ActiveCfg = Debug|x64
		{2C03C6B8-70AF-49E7-9C8D-0BC0877F0907}.Debug|x64.Build.0 = Debug|x64
		{2C03C6B8-70AF-49E7-9C8D-0BC0877F0907}.Debug|x86.ActiveCfg = Debug|Win32
		{2C03C6B8-70AF-49E7-9C8D-0BC0877F0907}.Debug|x86.Build.0 = Debug|Win32
		{2C03C6B8-70AF-49E7-9C8D-0BC0877F0907}.Release|x64.ActiveCfg = Release|x64
		{2C03C6B8-70AF-49E7-9C8D-0BC0877F0907}.Release|x64.Build.0 = Release|x64
		{2C03C6B8-70AF-49E7-9C8D-0BC0877F0907}.Release|x86.ActiveCfg = Release|Win32
		{2C03C6B8-70AF-49E7-9C8D-0BC0877F0907}.Release|x86.Build.0 = Release|Win32
		{6543DBC3-F22A-4FF9-AF0D-6CA4EFE1F944}.Debug|x64.ActiveCfg = Debug|x64
		{6543DBC3-F22A-4FF9-AF0D-6CA4EFE1F944}.Debug|x64.Build.0 = Debug|x64
		{6543DBC3-F22A-4FF9-AF0D-6CA4EFE1F944}.Debug|x86.ActiveCfg = Debug|Win32
		{6543DBC3-F22A-4FF9-AF0D-6CA4EFE1F944}.Debug|x86.Build.0 = Debug|Win32
		{6543DBC3-F22A-4FF9-AF0D-6CA4EFE1F944}.Release|x64.ActiveCfg = Release|x64
		{6543DBC3-F22A-4FF9-AF0D-6CA4EFE1F944}.Release|x64.Build.0 = Release|x64
		{6543DBC3-F22A-4FF9-AF0D-6CA4EFE1F944}.Release|x86.ActiveCfg = Release|Win32
		{6543DBC3-F22A-4FF9-AF0D-6CA4EFE1F944}.Release|x86.Build.0 = Release|Win32
		{285DEBD9-BB61-4257-AEF7-190AD0EA6B76}.Debug|x64.ActiveCfg = Debug|x64
		{285DEBD9-BB61-4257-AEF7-190AD0EA6B76}.Debug|x64.Build.0 = Debug|x64
		{285DEBD9-BB61-4257-AEF7-190AD0EA6B76}.Debug|x86.ActiveCfg = Debug|Win32
		{285DEBD9-BB61-4257-AEF7-190AD0EA6B76}.Debug|x86.Build.0 = Debug|Win32
		{285DEBD9-BB61-4257-AEF7-190AD0EA6B76}.Release|x64.ActiveCfg = Release|x64
		{285DEBD9-BB61-4257-AEF7-190AD0EA6B76}.Release|x64.Build.0 = Release|x64
		{285DEBD9-BB61-4257-AEF7-190AD0EA6B76}.Release|x86.ActiveCfg = Release|Win32
		{285DEBD9-BB61-4257-AEF7-190AD0EA6B76}.Release|x86.Build.0 = Release|Win32
		{7F37CCB5-0C91-43A0-918D-4C4048E694A1}.Debug|x64.ActiveCfg = Debug|x64
		{7F37CCB5-0C91-43A0-918D-4C4048E694A1}.Debug|x64.Build.0 = Debug|x64
		{7F37CCB5-0C91-43A0-918D-4C4048E694A1}.Debug|x86.ActiveCfg = Debug|Win32
		{7F37CCB5-0C91-43A0-918D-4C4048E694A1}.Debug|x86.Build.0 = Debug|Win32
		{7F37CCB5-0C91-43A0-918D-4C4048E694A1}.Release|x64.ActiveCfg = Release|x64
		{7F37CCB5-0C91-43A0-918D-4C4048E694A1}.Release|x64.Build.0 = Release|x64
		{7F37CCB5-0C91-43A0-918D-4C4048E694A1}.Release|x86.ActiveCfg = Release|Win32
		{7F37CCB5-0C91-43A0-918D-4C4048E694A1}.Release|x86.Build.0 = Release|Win32
		{C083A20A-E39A-4605-8060-0C1CE15CABBB}.Debug|x64.ActiveCfg = Debug|x64
		{C083A20A-E39A-4605-8060-0C1CE15CABBB}.Debug|x64.Build.0 = Debug|x64
		{C083A20A-E39A-4605-8060-0C1CE15CABBB}.Debug|x86.ActiveCfg = Debug|Win32
		{C083A20A-E39A-4605-8060-0C1CE15CABBB}.Debug|x86.Build.0 = Debug|Win32
		{C083A20A-E39A-4605-8060-0C1CE15CABBB}.Release|x64.ActiveCfg = Release|x64
		{C083A20A-E39A-4605-8060-0C1CE15CABBB}.Release|x64.Build.0 = Release|x64
		{C083A20A-E39A-4605-8060-0C1CE15CABBB}.Release|x86.ActiveCfg = Release|Win32
		{C083A20A-E39A-4605-8060-0C1CE15CABBB}.Release|x86.Build.0 = Release|Win32
		{E3A74B60-2A10-4A19-BE41-04D30FF5D65A}.Debug|x64.ActiveCfg = Debug|x64
		{E3A74B60-2A10-4A19-BE41-04D30FF5D65A}.Debug|x64.Build.0 = Debug|x64
		{E3A74B60-2A10-4A19-BE41-04D30FF5D65A}.Debug|x86.ActiveCfg = Debug|Win32
		{E3A74B60-2A10-4A19-BE41-04D30FF5D65A}.Debug|x86.Build.0 = Debug|Win32
		{E3A74B60-2A10-4A19-BE41-04D30FF5D65A}.Release|x64.ActiveCfg = Release|x64
		{E3A74B60-2A10-4A19-BE41-04D30FF5D65A}.Release|x64.Build.0 = Release|x64
		{E3A74B60-2A10-4A19-BE41-04D30FF5D65A}.Release|x86.ActiveCfg = Release|Win32
		{E3A74B60-2A10-4A19-BE41-04D30FF5D65A}.Release|x86.Build.0 = Release|Win32
		{18CC51E4-B3D3-4C8F-9FD8-1E0EA4EFB8F2}.Debug|x64.ActiveCfg = Debug|x64
		{18CC51E4-B3D3-4C8F-9FD8-1E0EA4EFB8F2}.Debug|x64.Build.0 = Debug|x64
		{18CC51E4-B3D3-4C8F-9FD8-1E0EA4EFB8F2}.Debug|x86.ActiveCfg = Debug|Win32
		{18CC51E4-B3D3-4C8F-9FD8-1E0EA4EFB8F2}.Debug|x86.Build.0 = Debug|Win32
		{18CC51E4-B3D3-4C8F-9FD8-1E0EA4EFB8F2}.Release|x64.ActiveCfg = Release|x64
		{18CC51E4-B3D3-4C8F-9FD8-1E0EA4EFB8F2}.Release|x64.Build.0 = Release|x64
		{18CC51E4-B3D3-4C8F-9FD8-1E0EA4EFB8F2}.Release|x86.ActiveCfg = Release|Win32
		{18CC51E4-B3D3-4C8F-9FD8-1E0EA4EFB8F2}.Release|x86.Build.0 = Release|Win32
		{348893D3-66D5-4DEA-9274-266A44ACB260}.Debug|x64.ActiveCfg = Debug|x64
		{348893D3-66D5-4DEA-9274-266A44ACB260}.Debug|x64.Build.0 = Debug|x64
		{348893D3-66D5-4DEA-9274-266A44ACB260}.Debug|x86.ActiveCfg = Debug|Win32
		{348893D3-66D5-4DEA-9274-266A44ACB260}.Debug|x86.Build.0 = Debug|Win32
		{348893D3-66D5-4DEA-9274-266A44ACB260}.Release|x64.ActiveCfg = Release|x64
		{348893D3-66D5-4DEA-9274-266A44ACB260}.Release|x64.Build.0 = Release|x64
		{348893D3-66D5-4DEA-9274-266A44ACB260}.Release|x86.ActiveCfg = Release|Win32
		{348893D3-66D5-4DEA-9274-266A44ACB260}.Release|x86.Build.0 = Release|Win32
		{A40CB9D3-247D-424C-A99B-87F5C29B488E}.Debug|x64.ActiveCfg = Debug|x64
		{A40CB9D3-247D-424C-A99B-87F5C29B488E}.Debug|x64.Build.0 = Debug|x64
		{A40CB9D3-247D-424C-A99B-87F5C29B488E}.Debug|x86.ActiveCfg = Debug|Win32
		{A40CB9D3-247D-424C-A99B-87F5C29B488E}.Debug|x86.Build.0 = Debug|Win32
		{A40CB9D3-247D-424C-A99B-87F5C29B488E}.Release|x64.ActiveCfg = Release|x64
		{A40CB9D3-247D-424C-A99B-87F5C29B488E}.Release|x64.Build.0 = Release|x64
		{A40CB9D3-247D-424C-A99B-87F5C29B488E}.Release|x86.ActiveCfg = Release|Win32
		{A40CB9D3-247D-424C-A99B-87F5C29B488E}.Release|x86.Build.0 = Release|Win32
		{8EBDB7A0-0CED-41F3-A548-AF5932A4A8DA}.Debug|x64.ActiveCfg = Debug|x64
		{8EBDB7A0-0CED-41F3-A548-AF5932A4A8DA}.Debug|x64.Build.0 = Debug|x64
		{8EBDB7A0-0CED-41F3-A548-AF5932A4A8DA}.Debug|x86.ActiveCfg = Debug|Win32
		{8EBDB7A0-0CED-41F3-A548-AF5932A4A8DA}.Debug|x86.Build.0 = Debug|Win32
		{8EBDB7A0-0CED-41F3-A548-AF5932A4A8DA}.Release|x64.ActiveCfg = Release|x64
		{8EBDB7A0-0CED-41F3-A548-AF5932A4A8DA}.Release|x64.Build.0 = Release|x64
		{8EBDB7A0-0CED-41F3-A548-AF5932A4A8DA}.Release|x86.ActiveCfg = Release|Win32
		{8EBDB7A0-0CED-41F3-A548-AF5932A4A8DA}.Release|x86.Build.0 = Release|Win32
		{5B22956D-F902-4D32-BF55-579DB7FF51DE}.Debug|x64.ActiveCfg = Debug|x64
		{5B22956D-F902-4D32-BF55-579DB7FF51DE}.Debug|x64.Build.0 = Debug|x64
		{5B22956D-F902-4D32-BF55-579DB7FF51DE}.Debug|x86.ActiveCfg = Debug|Win32
		{5B22956D-F902-4D32-BF55-579DB7FF51DE}.Debug|x86.Build.0 = Debug|Win32
		{5B22956D-F902-4D32-BF55-579DB7FF51DE}.Release|x64.ActiveCfg = Release|x64
		{5B22956D-F902-4D32-BF55-579DB7FF51DE}.Release|x64.Build.0 = Release|x64
		{5B22956D-F902-4D32-BF55-579DB7FF51DE}.Release|x86.ActiveCfg = Release|Win32
		{5B22956D-F902-4D32-BF55-579DB7FF51DE}.Release|x86.Build.0 = Release|Win32
		{8B97D149-A8D8-4069-BAFC-D3DEB3174E58}.Debug|x64.ActiveCfg = Debug|x64
		{8B97D149-A8D8-4069-BAFC-D3DEB3174E58}.Debug|x64.Build.0 = Debug|x64
		{8B97D149-A8D8-4069-BAFC-D3DEB3174E58}.Debug|x86.ActiveCfg = Debug|Win32
		{8B97D149-A8D8-4069-BAFC-D3DEB3174E58}.Debug|x86.Build.0 = Debug|Win32
		{8B97D149-A8D8-4069-BAFC-D3DEB3174E58}.Release|x64.ActiveCfg = Release|x64
		{8B97D149-A8D8-4069-BAFC-D3DEB3174E58}.Release|x64.Build.0 = Release|x64
		{8B97D149-A8D8-4069-BAFC-D3DEB3174E58}.Release|x86.ActiveCfg = Release|Win32
		{8B97D149-A8D8-4069-BAFC-D3DEB3174E58}.Release|x86.Build.0 = Release|Win32
		{39A89450-3B58-4154-95AF-AB3B25FFB9AE}.Debug|x64.ActiveCfg = Debug|x64
		{39A89450-3B58-4154-95AF-AB3B25FFB9AE}.Debug|x64.Build.0 = Debug|x64
		{39A89450-3B58-4154-95AF-AB3B25FFB9AE}.Debug|x86.ActiveCfg = Debug|Win32
		{39A89450-3B58-4154-95AF-AB3B25FFB9AE}.Debug|x86.Build.0 = Debug|Win32
		{39A89450-3B58-4154-95AF-AB3B25FFB9AE}.Release|x64.ActiveCfg = Release|x64
		{39A89450-3B58-4154-95AF-AB3B25FFB9AE}.Release|x64.Build.0 = Release|x64
		{39A89450-3B58-4154-95AF-AB3B25FFB9AE}.Release|x86.ActiveCfg = Release|Win32
		{39A89450-3B58-4154-95AF-AB3B25FFB9AE}.Release|x86.Build.0 = Release|Win32
		{62E0F559-33CB-4037-9805-1F001C8339AB}.Debug|x64.ActiveCfg = Debug|x64
		{62E0F559-33CB-4037-9805-1F001C8339AB}.Debug|x64.Build.0 = Debug|x64
		{62E0F559-33CB-4037-9805-1F001C8339AB}.Debug|x86.ActiveCfg = Debug|Win32
		{62E0F559-33CB-4037-9805-1F001C8339AB}.Debug|x86.Build.0 = Debug|Win32
		{62E0F559-33CB-4037-9805-1F001C8339AB}.Release|x64.ActiveCfg = Release|x64
		{62E0F559-33CB-4037-9805-1F001C8339AB}.Release|x64.Build.0 = Release|x64
		{62E0F559-33CB-4037-9805-1F001C8339AB}.Release|x86.ActiveCfg = Release|Win32
		{62E0F559-33CB-4037-9805-1F001C8339AB}.Release|x86.Build.0 = Release|Win32
		{9FCA1DA8-8650-4444-B26F-C4FB1474A031}.Debug|x64.ActiveCfg = Debug|x64
		{9FCA1DA8-8650-4444-B26F-C4FB1474A031}.Debug|x64.Build.0 = Debug|x64
		{9FCA1DA8-8650-4444-B26F-C4FB1474A031}.Debug|x86.ActiveCfg = Debug|Win32
		{9FCA1DA8-8650-4444-B26F-C4FB1474A031}.Debug|x86.Build.0 = Debug|Win32
		{9FCA1DA8-8650-4444-B26F-C4FB1474A031}.Release|x64.ActiveCfg = Release|x64
		{9FCA1DA8-8650-4444-B26F-C4FB1474A031}.Release|x64.Build.0 = Release|x64
		{9FCA1DA8-8650-4444-B26F-C4FB1474A031}.Release|x86.ActiveCfg = Release|Win32
		{9FCA1DA8-8650-4444-B26F-C4FB1474A031}.Release|x86.Build.0 = Release|Win32
		{567783F5-B06D-4C5B-97E1-CC4B71BD1803}.Debug|x64.ActiveCfg = Debug|x64
		{567783F5-B06D-4C5B-97E1-CC4B71BD1803}.Debug|x64.Build.0 = Debug|x64
		{567783F5-B06D-4C5B-97E1-CC4B71BD1803}.Debug|x86.ActiveCfg = Debug|Win32
		{567783F5-B06D-4C5B-97E1-CC4B71BD1803}.Debug|x86.Build.0 = Debug|Win32
		{567783F5-B06D-4C5B-97E1-CC4B71BD1803}.Release|x64.ActiveCfg = Release|x64
		{567783F5-B06D-4C5B-97E1-CC4B71BD1803}.Release|x64.Build.0 = Release|x64
		{567783F5-B06D-4C5B-97E1-CC4B71BD1803}.Release|x86.ActiveCfg = Release|Win32
		{567783F5-B06D-4C5B-97E1-CC4B71BD1803}.Release|x86.Build.0 = Release|Win32
		{B066DAA6-D8C8-47FD-92C8-9D7AB8818D65}.Debug|x64.ActiveCfg = Debug|x64
		{B066DAA6-D8C8-47FD-92C8-9D7AB8818D65}.Debug|x64.Build.0 = Debug|x64
		{B066DAA6-D8C8-47FD-92C8-9D7AB8818D65}.Debug|x86.ActiveCfg = Debug|Win32
		{B066DAA6-D8C8-47FD-92C8-9D7AB8818D65}.Debug|x86.Build.0 = Debug|Win32
		{B066DAA6-D8C8-47FD-92C8-9D7AB8818D65}.Release|x64.ActiveCfg = Release|x64
		{B066DAA6-D8C8-47FD-92C8-9D7AB8818D65}.Release|x64.Build.0 = Release|x64
		{B066DAA6-D8C8-47FD-92C8-9D7AB8818D65}.Release|x86.ActiveCfg = Release|Win32
		{B066DAA6-D8C8-47FD-92C8-9D7AB8818D65}.Release|x86.Build.0 = Release|Win32
		{271DCA41-0770-4A65-A20D-B43F718E7E6C}.Debug|x64.ActiveCfg = Debug|x64
		{271DCA41-0770-4A65-A20D-B43F718E7E6C}.Debug|x64.Build.0 = Debug|x64
		{271DCA41-0770-4A65-A20D-B43F718E7E6C}.Debug|x86.ActiveCfg = Debug|Win32
		{271DCA41-0770-4A65-A20D-B43F718E7E6C}.Debug|x86.Build.0 = Debug|Win32
		{271DCA41-0770-4A65-A20D-B43F718E7E6C}.Release|x64.ActiveCfg = Release|x64
		{271DCA41-0770-4A65-A20D-B43F718E7E6C}.Release|x64.Build.0 = Release|x64
		{271DCA41-0770-4A65-A20D-B43F718E7E6C}.Release|x86.ActiveCfg = Release|Win32
		{271DCA41-0770-4A65-A20D-B43F718E7E6C}.Release|x86.Build.0 = Release|Win32
		{8944C163-CC3F-4485-8869-58ED4DCE4159}.Debug|x64.ActiveCfg = Debug|x64
		{8944C163-CC3F-4485-8869-58ED4DCE4159}.Debug|x64.Build.0 = Debug|x64
		{8944C163-CC3F-4485-8869-58ED4DCE4159}.Debug|x86.ActiveCfg = Debug|Win32
		{8944C163-CC3F-4485-8869-58ED4DCE4159}.Debug|x86.Build.0 = Debug|Win32
		{8944C163-CC3F-4485-8869-58ED4DCE4159}.Release|x64.ActiveCfg = Release|x64
		{8944C163-CC3F-4485-8869-58ED4DCE4159}.Release|x64.Build.0 = Release|x64
		{8944C163-CC3F-4485-8869-58ED4DCE4159}.Release|x86.ActiveCfg = Release|Win32
		{8944C163-CC3F-4485-8869-58ED4DCE4159}.Release|x86.Build.0 = Release|Win32
	EndGlobalSection
	GlobalSection(SolutionProperties) = preSolution
		HideSolutionNode = FALSE
	EndGlobalSection
	GlobalSection(NestedProjects) = preSolution
		{4689E4A1-585D-45CC-B514-1F42BAEBD2E4} = {426F3C51-6778-4FCA-902E-6E8FD0F4EE1A}
		{BD67A1C2-C73C-4E5D-AA7A-28E893D75EA2} = {426F3C51-6778-4FCA-902E-6E8FD0F4EE1A}
		{5DA90BBC-42FE-4728-A8DC-65563B5B9144} = {426F3C51-6778-4FCA-902E-6E8FD0F4EE1A}
		{3945B2F6-EA00-403A-BC4B-6F8EE665DA82} = {426F3C51-6778-4FCA-902E-6E8FD0F4EE1A}
		{21C6C35D-F295-4AFE-A4E6-1E39074726AD} = {426F3C51-6778-4FCA-902E-6E8FD0F4EE1A}
		{57E75CF8-1522-4210-A81F-C5FC9636D10E} = {426F3C51-6778-4FCA-902E-6E8FD0F4EE1A}
		{25FAB61F-BD8F-4430-A1EC-2D49E73020E0} = {426F3C51-6778-4FCA-902E-6E8FD0F4EE1A}
		{3F73D917-A6B3-463A-B76E-23AA841AC7CB} = {01BE8B08-2B50-4E67-9CD3-1AA6D9C9FEBB}
		{34EFF29C-96F9-48CF-B389-DF7CB87F0FE5} = {01BE8B08-2B50-4E67-9CD3-1AA6D9C9FEBB}
		{F9FD8E8E-17B3-4DD5-A914-097C8378E350} = {01BE8B08-2B50-4E67-9CD3-1AA6D9C9FEBB}
		{12C9E0F8-5852-4AA1-B05F-5BFF35D01DE0} = {01BE8B08-2B50-4E67-9CD3-1AA6D9C9FEBB}
		{41DE7EFD-8FA1-4ABA-9007-FEE2E223256A} = {01BE8B08-2B50-4E67-9CD3-1AA6D9C9FEBB}
		{795755C4-C571-432D-9E6A-9E8F81415E83} = {01BE8B08-2B50-4E67-9CD3-1AA6D9C9FEBB}
		{5CDE80DC-8E75-4D94-AD9D-001F761CBAD9} = {01BE8B08-2B50-4E67-9CD3-1AA6D9C9FEBB}
		{2C03C6B8-70AF-49E7-9C8D-0BC0877F0907} = {01BE8B08-2B50-4E67-9CD3-1AA6D9C9FEBB}
		{6543DBC3-F22A-4FF9-AF0D-6CA4EFE1F944} = {01BE8B08-2B50-4E67-9CD3-1AA6D9C9FEBB}
		{285DEBD9-BB61-4257-AEF7-190AD0EA6B76} = {01BE8B08-2B50-4E67-9CD3-1AA6D9C9FEBB}
		{7F37CCB5-0C91-43A0-918D-4C4048E694A1} = {F6D7107B-19ED-4CC8-81A8-0D6C65E1C982}
		{C083A20A-E39A-4605-8060-0C1CE15CABBB} = {F6D7107B-19ED-4CC8-81A8-0D6C65E1C982}
		{E3A74B60-2A10-4A19-BE41-04D30FF5D65A} = {F6D7107B-19ED-4CC8-81A8-0D6C65E1C982}
		{18CC51E4-B3D3-4C8F-9FD8-1E0EA4EFB8F2} = {AAF3B97C-5BC8-460D-ACA3-F39FBFAAE7F0}
		{348893D3-66D5-4DEA-9274-266A44ACB260} = {426F3C51-6778-4FCA-902E-6E8FD0F4EE1A}
		{A40CB9D3-247D-424C-A99B-87F5C29B488E} = {AAF3B97C-5BC8-460D-ACA3-F39FBFAAE7F0}
		{8EBDB7A0-0CED-41F3-A548-AF5932A4A8DA} = {AAF3B97C-5BC8-460D-ACA3-F39FBFAAE7F0}
		{5B22956D-F902-4D32-BF55-579DB7FF51DE} = {AAF3B97C-5BC8-460D-ACA3-F39FBFAAE7F0}
		{8B97D149-A8D8-4069-BAFC-D3DEB3174E58} = {AAF3B97C-5BC8-460D-ACA3-F39FBFAAE7F0}
		{39A89450-3B58-4154-95AF-AB3B25FFB9AE} = {AAF3B97C-5BC8-460D-ACA3-F39FBFAAE7F0}
		{62E0F559-33CB-4037-9805-1F001C8339AB} = {AAF3B97C-5BC8-460D-ACA3-F39FBFAAE7F0}
		{9FCA1DA8-8650-4444-B26F-C4FB1474A031} = {AAF3B97C-5BC8-460D-ACA3-F39FBFAAE7F0}
		{567783F5-B06D-4C5B-97E1-CC4B71BD1803} = {AAF3B97C-5BC8-460D-ACA3-F39FBFAAE7F0}
		{B066DAA6-D8C8-47FD-92C8-9D7AB8818D65} = {AAF3B97C-5BC8-460D-ACA3-F39FBFAAE7F0}
		{271DCA41-0770-4A65-A20D-B43F718E7E6C} = {AAF3B97C-5BC8-460D-ACA3-F39FBFAAE7F0}
		{8944C163-CC3F-4485-8869-58ED4DCE4159} = {AAF3B97C-5BC8-460D-ACA3-F39FBFAAE7F0}
	EndGlobalSection
	GlobalSection(ExtensibilityGlobals) = postSolution
		SolutionGuid = {830C46EB-C833-40E0-927F-7D84EE6FAC81}
	EndGlobalSection
EndGlobal
